
Microsoft Visual Studio Solution File, Format Version 12.00
# Visual Studio 15
VisualStudioVersion = 15.0.27703.2042
MinimumVisualStudioVersion = 10.0.40219.1
Project("{FAE04EC0-301F-11D3-BF4B-00C04F79EFBC}") = "RockPaperScissors", "RockPaperScissors\RockPaperScissors.csproj", "{6CC770E8-0AF7-4512-90CD-E269B3CCB96E}"
EndProject
Project("{FAE04EC0-301F-11D3-BF4B-00C04F79EFBC}") = "RockPaperScissors.Tests", "RockPaperScissors.Tests\RockPaperScissors.Tests.csproj", "{283D8901-D518-4526-8A20-0D2BF5BF88EE}"
EndProject
Global
	GlobalSection(SolutionConfigurationPlatforms) = preSolution
		Debug|Any CPU = Debug|Any CPU
		Release|Any CPU = Release|Any CPU
	EndGlobalSection
	GlobalSection(ProjectConfigurationPlatforms) = postSolution
		{6CC770E8-0AF7-4512-90CD-E269B3CCB96E}.Debug|Any CPU.ActiveCfg = Debug|Any CPU
		{6CC770E8-0AF7-4512-90CD-E269B3CCB96E}.Debug|Any CPU.Build.0 = Debug|Any CPU
		{6CC770E8-0AF7-4512-90CD-E269B3CCB96E}.Release|Any CPU.ActiveCfg = Release|Any CPU
		{6CC770E8-0AF7-4512-90CD-E269B3CCB96E}.Release|Any CPU.Build.0 = Release|Any CPU
		{283D8901-D518-4526-8A20-0D2BF5BF88EE}.Debug|Any CPU.ActiveCfg = Debug|Any CPU
		{283D8901-D518-4526-8A20-0D2BF5BF88EE}.Debug|Any CPU.Build.0 = Debug|Any CPU
		{283D8901-D518-4526-8A20-0D2BF5BF88EE}.Release|Any CPU.ActiveCfg = Release|Any CPU
		{283D8901-D518-4526-8A20-0D2BF5BF88EE}.Release|Any CPU.Build.0 = Release|Any CPU
	EndGlobalSection
	GlobalSection(SolutionProperties) = preSolution
		HideSolutionNode = FALSE
	EndGlobalSection
	GlobalSection(ExtensibilityGlobals) = postSolution
		SolutionGuid = {4FD3A1FB-CFD8-428E-A3D8-53BE13B63087}
	EndGlobalSection
EndGlobal
